
Microsoft Visual Studio Solution File, Format Version 12.00
Project("{2150E333-8FDC-42A3-9474-1A3956D46DE8}") = "Solution Items", "Solution Items", "{D24883E6-EC9D-48F5-9977-AFDC9900EA80}"
	ProjectSection(SolutionItems) = preProject
		Dockerfile = Dockerfile
		nuget.config = nuget.config
		.editorconfig = .editorconfig
	EndProjectSection
EndProject
Project("{FAE04EC0-301F-11D3-BF4B-00C04F79EFBC}") = "BeeTurbo", "src\BeeTurbo\BeeTurbo.csproj", "{41265068-0289-4718-A0C0-7BE6D0E7EC34}"
EndProject
Project("{2150E333-8FDC-42A3-9474-1A3956D46DE8}") = "src", "src", "{BC8B908F-0A65-4E3D-BD12-1F38C87BBC43}"
EndProject
Project("{2150E333-8FDC-42A3-9474-1A3956D46DE8}") = "workflows", "workflows", "{8AC33738-1D77-4D8C-AF20-2BB2FA69D024}"
	ProjectSection(SolutionItems) = preProject
		.github\workflows\unstable-release.yml = .github\workflows\unstable-release.yml
		.github\workflows\stable-release.yml = .github\workflows\stable-release.yml
	EndProjectSection
EndProject
Project("{FAE04EC0-301F-11D3-BF4B-00C04F79EFBC}") = "BeeTurbo.Persistence", "src\BeeTurbo.Persistence\BeeTurbo.Persistence.csproj", "{92B114C3-607C-4AD5-9BBB-9921FAFF2408}"
EndProject
Global
	GlobalSection(SolutionConfigurationPlatforms) = preSolution
		Debug|Any CPU = Debug|Any CPU
		Release|Any CPU = Release|Any CPU
	EndGlobalSection
	GlobalSection(ProjectConfigurationPlatforms) = postSolution
		{41265068-0289-4718-A0C0-7BE6D0E7EC34}.Debug|Any CPU.ActiveCfg = Debug|Any CPU
		{41265068-0289-4718-A0C0-7BE6D0E7EC34}.Debug|Any CPU.Build.0 = Debug|Any CPU
		{41265068-0289-4718-A0C0-7BE6D0E7EC34}.Release|Any CPU.ActiveCfg = Release|Any CPU
		{41265068-0289-4718-A0C0-7BE6D0E7EC34}.Release|Any CPU.Build.0 = Release|Any CPU
		{92B114C3-607C-4AD5-9BBB-9921FAFF2408}.Debug|Any CPU.ActiveCfg = Debug|Any CPU
		{92B114C3-607C-4AD5-9BBB-9921FAFF2408}.Debug|Any CPU.Build.0 = Debug|Any CPU
		{92B114C3-607C-4AD5-9BBB-9921FAFF2408}.Release|Any CPU.ActiveCfg = Release|Any CPU
		{92B114C3-607C-4AD5-9BBB-9921FAFF2408}.Release|Any CPU.Build.0 = Release|Any CPU
	EndGlobalSection
	GlobalSection(NestedProjects) = preSolution
		{41265068-0289-4718-A0C0-7BE6D0E7EC34} = {BC8B908F-0A65-4E3D-BD12-1F38C87BBC43}
		{8AC33738-1D77-4D8C-AF20-2BB2FA69D024} = {D24883E6-EC9D-48F5-9977-AFDC9900EA80}
		{92B114C3-607C-4AD5-9BBB-9921FAFF2408} = {BC8B908F-0A65-4E3D-BD12-1F38C87BBC43}
	EndGlobalSection
EndGlobal
